{
  "name": "opencv4nodejs",
  "version": "2.22.1",
  "lockfileVersion": 1,
  "requires": true,
  "dependencies": {
    "macro-inferno": {
      "version": "0.2.1",
      "resolved": "https://registry.npmjs.org/macro-inferno/-/macro-inferno-0.2.1.tgz",
      "integrity": "sha512-5fnnX5OJSJq4PFMKiiv+lKJqbxHHQXfvTLbRjV3fHIr86ELpljOzVEjEmsY2VI3R2RwWLUM0NHrygpexdH4S4g==",
      "requires": {
        "nan": "2.7.0"
      }
    },
    "nan": {
      "version": "2.7.0",
      "resolved": "https://registry.npmjs.org/nan/-/nan-2.7.0.tgz",
      "integrity": "sha1-2Vv3IeyHfgjbJ27T/G63j5CDrUY="
    }
  }
}
