lockfileVersion: 5.3

specifiers:
  '@u4/opencv4nodejs': link:..
  mri: ^1.2.0

dependencies:
  '@u4/opencv4nodejs': link:..
  mri: 1.2.0

packages:

  /mri/1.2.0:
    resolution: {integrity: sha512-tzzskb3bG8LvYGFF/mDTpq3jpI6Q9wc3LEmBaghu+DdCssd1FakN7Bc0hVNmEyGq1bq3RgfkCb3cmQLpNPOroA==}
    engines: {node: '>=4'}
    dev: false
